
Microsoft Visual Studio Solution File, Format Version 12.00
Project("{FAE04EC0-301F-11D3-BF4B-00C04F79EFBC}") = "ServiceMonitor", "ServiceMonitor\ServiceMonitor.csproj", "{FAF7F064-08DA-4683-9062-9D3FB78B5F29}"
EndProject
Project("{FAE04EC0-301F-11D3-BF4B-00C04F79EFBC}") = "OpusMajor.FileSystem", "OpusMajor.FileSystem\OpusMajor.FileSystem.csproj", "{1AD09389-9AB0-4A94-A864-50FB6DF9176C}"
EndProject
Global
	GlobalSection(SolutionConfigurationPlatforms) = preSolution
		Debug|Any CPU = Debug|Any CPU
		Release|Any CPU = Release|Any CPU
	EndGlobalSection
	GlobalSection(ProjectConfigurationPlatforms) = postSolution
		{FAF7F064-08DA-4683-9062-9D3FB78B5F29}.Debug|Any CPU.ActiveCfg = Debug|Any CPU
		{FAF7F064-08DA-4683-9062-9D3FB78B5F29}.Debug|Any CPU.Build.0 = Debug|Any CPU
		{FAF7F064-08DA-4683-9062-9D3FB78B5F29}.Release|Any CPU.ActiveCfg = Release|Any CPU
		{FAF7F064-08DA-4683-9062-9D3FB78B5F29}.Release|Any CPU.Build.0 = Release|Any CPU
		{1AD09389-9AB0-4A94-A864-50FB6DF9176C}.Debug|Any CPU.ActiveCfg = Debug|Any CPU
		{1AD09389-9AB0-4A94-A864-50FB6DF9176C}.Debug|Any CPU.Build.0 = Debug|Any CPU
		{1AD09389-9AB0-4A94-A864-50FB6DF9176C}.Release|Any CPU.ActiveCfg = Release|Any CPU
		{1AD09389-9AB0-4A94-A864-50FB6DF9176C}.Release|Any CPU.Build.0 = Release|Any CPU
	EndGlobalSection
EndGlobal
